// !$*UTF8*$!
{
	archiveVersion = 1;
	classes = {
	};
	objectVersion = 48;
	objects = {

/* Begin PBXBuildFile section */
		BFD2AD722298BEF50047B316 /* AppDelegate.swift in Sources */ = {isa = PBXBuildFile; fileRef = BFD2AD712298BEF50047B316 /* AppDelegate.swift */; };
		BFD2AD742298BEF50047B316 /* MainViewController.swift in Sources */ = {isa = PBXBuildFile; fileRef = BFD2AD732298BEF50047B316 /* MainViewController.swift */; };
		BFD2AD772298BEF50047B316 /* Main.storyboard in Resources */ = {isa = PBXBuildFile; fileRef = BFD2AD752298BEF50047B316 /* Main.storyboard */; };
		BFD2AD7A2298BEF50047B316 /* DreamLister.xcdatamodeld in Sources */ = {isa = PBXBuildFile; fileRef = BFD2AD782298BEF50047B316 /* DreamLister.xcdatamodeld */; };
		BFD2AD7C2298BEF50047B316 /* Assets.xcassets in Resources */ = {isa = PBXBuildFile; fileRef = BFD2AD7B2298BEF50047B316 /* Assets.xcassets */; };
		BFD2AD7F2298BEF50047B316 /* LaunchScreen.storyboard in Resources */ = {isa = PBXBuildFile; fileRef = BFD2AD7D2298BEF50047B316 /* LaunchScreen.storyboard */; };
		BFD2ADA42298EBBF0047B316 /* Item+CoreDataClass.swift in Sources */ = {isa = PBXBuildFile; fileRef = BFD2ADA22298EBBF0047B316 /* Item+CoreDataClass.swift */; };
		BFD2ADA52298EBBF0047B316 /* Item+CoreDataProperties.swift in Sources */ = {isa = PBXBuildFile; fileRef = BFD2ADA32298EBBF0047B316 /* Item+CoreDataProperties.swift */; };
		BFD2ADAA2298F32E0047B316 /* MaterialView.swift in Sources */ = {isa = PBXBuildFile; fileRef = BFD2ADA92298F32E0047B316 /* MaterialView.swift */; };
/* End PBXBuildFile section */

/* Begin PBXFileReference section */
		BFD2AD6E2298BEF50047B316 /* DreamLister.app */ = {isa = PBXFileReference; explicitFileType = wrapper.application; includeInIndex = 0; path = DreamLister.app; sourceTree = BUILT_PRODUCTS_DIR; };
		BFD2AD712298BEF50047B316 /* AppDelegate.swift */ = {isa = PBXFileReference; lastKnownFileType = sourcecode.swift; path = AppDelegate.swift; sourceTree = "<group>"; };
		BFD2AD732298BEF50047B316 /* MainViewController.swift */ = {isa = PBXFileReference; lastKnownFileType = sourcecode.swift; path = MainViewController.swift; sourceTree = "<group>"; };
		BFD2AD762298BEF50047B316 /* Base */ = {isa = PBXFileReference; lastKnownFileType = file.storyboard; name = Base; path = Base.lproj/Main.storyboard; sourceTree = "<group>"; };
		BFD2AD792298BEF50047B316 /* DreamLister.xcdatamodel */ = {isa = PBXFileReference; lastKnownFileType = wrapper.xcdatamodel; path = DreamLister.xcdatamodel; sourceTree = "<group>"; };
		BFD2AD7B2298BEF50047B316 /* Assets.xcassets */ = {isa = PBXFileReference; lastKnownFileType = folder.assetcatalog; path = Assets.xcassets; sourceTree = "<group>"; };
		BFD2AD7E2298BEF50047B316 /* Base */ = {isa = PBXFileReference; lastKnownFileType = file.storyboard; name = Base; path = Base.lproj/LaunchScreen.storyboard; sourceTree = "<group>"; };
		BFD2AD802298BEF50047B316 /* Info.plist */ = {isa = PBXFileReference; lastKnownFileType = text.plist.xml; path = Info.plist; sourceTree = "<group>"; };
		BFD2ADA22298EBBF0047B316 /* Item+CoreDataClass.swift */ = {isa = PBXFileReference; lastKnownFileType = sourcecode.swift; path = "Item+CoreDataClass.swift"; sourceTree = "<group>"; };
		BFD2ADA32298EBBF0047B316 /* Item+CoreDataProperties.swift */ = {isa = PBXFileReference; lastKnownFileType = sourcecode.swift; path = "Item+CoreDataProperties.swift"; sourceTree = "<group>"; };
		BFD2ADA82298F2BF0047B316 /* tesla.jpg */ = {isa = PBXFileReference; lastKnownFileType = image.jpeg; path = tesla.jpg; sourceTree = "<group>"; };
		BFD2ADA92298F32E0047B316 /* MaterialView.swift */ = {isa = PBXFileReference; lastKnownFileType = sourcecode.swift; path = MaterialView.swift; sourceTree = "<group>"; };
/* End PBXFileReference section */

/* Begin PBXFrameworksBuildPhase section */
		BFD2AD6B2298BEF50047B316 /* Frameworks */ = {
			isa = PBXFrameworksBuildPhase;
			buildActionMask = 2147483647;
			files = (
			);
			runOnlyForDeploymentPostprocessing = 0;
		};
/* End PBXFrameworksBuildPhase section */

/* Begin PBXGroup section */
		BFD2AD652298BEF50047B316 = {
			isa = PBXGroup;
			children = (
				BFD2AD702298BEF50047B316 /* DreamLister */,
				BFD2AD6F2298BEF50047B316 /* Products */,
				BFD2ADA82298F2BF0047B316 /* tesla.jpg */,
			);
			sourceTree = "<group>";
		};
		BFD2AD6F2298BEF50047B316 /* Products */ = {
			isa = PBXGroup;
			children = (
				BFD2AD6E2298BEF50047B316 /* DreamLister.app */,
			);
			name = Products;
			sourceTree = "<group>";
		};
		BFD2AD702298BEF50047B316 /* DreamLister */ = {
			isa = PBXGroup;
			children = (
				BFD2ADA62298EBC80047B316 /* DataCoreManuaGenModel */,
				BFD2ADA72298EC0D0047B316 /* DataCoreManualGen */,
				BFD2ADAB2298F3330047B316 /* Views */,
				BFD2AD712298BEF50047B316 /* AppDelegate.swift */,
				BFD2AD732298BEF50047B316 /* MainViewController.swift */,
				BFD2AD752298BEF50047B316 /* Main.storyboard */,
				BFD2AD7B2298BEF50047B316 /* Assets.xcassets */,
				BFD2AD7D2298BEF50047B316 /* LaunchScreen.storyboard */,
				BFD2AD802298BEF50047B316 /* Info.plist */,
				BFD2AD782298BEF50047B316 /* DreamLister.xcdatamodeld */,
			);
			path = DreamLister;
			sourceTree = "<group>";
		};
		BFD2ADA62298EBC80047B316 /* DataCoreManuaGenModel */ = {
			isa = PBXGroup;
			children = (
				BFD2ADA22298EBBF0047B316 /* Item+CoreDataClass.swift */,
			);
			path = DataCoreManuaGenModel;
			sourceTree = "<group>";
		};
		BFD2ADA72298EC0D0047B316 /* DataCoreManualGen */ = {
			isa = PBXGroup;
			children = (
				BFD2ADA32298EBBF0047B316 /* Item+CoreDataProperties.swift */,
			);
			path = DataCoreManualGen;
			sourceTree = "<group>";
		};
		BFD2ADAB2298F3330047B316 /* Views */ = {
			isa = PBXGroup;
			children = (
				BFD2ADA92298F32E0047B316 /* MaterialView.swift */,
			);
			path = Views;
			sourceTree = "<group>";
		};
/* End PBXGroup section */

/* Begin PBXNativeTarget section */
		BFD2AD6D2298BEF50047B316 /* DreamLister */ = {
			isa = PBXNativeTarget;
			buildConfigurationList = BFD2AD832298BEF50047B316 /* Build configuration list for PBXNativeTarget "DreamLister" */;
			buildPhases = (
				BFD2AD6A2298BEF50047B316 /* Sources */,
				BFD2AD6B2298BEF50047B316 /* Frameworks */,
				BFD2AD6C2298BEF50047B316 /* Resources */,
			);
			buildRules = (
			);
			dependencies = (
			);
			name = DreamLister;
			productName = DreamLister;
			productReference = BFD2AD6E2298BEF50047B316 /* DreamLister.app */;
			productType = "com.apple.product-type.application";
		};
/* End PBXNativeTarget section */

/* Begin PBXProject section */
		BFD2AD662298BEF50047B316 /* Project object */ = {
			isa = PBXProject;
			attributes = {
				LastSwiftUpdateCheck = 0900;
				LastUpgradeCheck = 0900;
				ORGANIZATIONNAME = "Luis Santos";
				TargetAttributes = {
					BFD2AD6D2298BEF50047B316 = {
						CreatedOnToolsVersion = 9.0;
						ProvisioningStyle = Automatic;
					};
				};
			};
			buildConfigurationList = BFD2AD692298BEF50047B316 /* Build configuration list for PBXProject "DreamLister" */;
			compatibilityVersion = "Xcode 8.0";
			developmentRegion = en;
			hasScannedForEncodings = 0;
			knownRegions = (
				en,
				Base,
			);
			mainGroup = BFD2AD652298BEF50047B316;
			productRefGroup = BFD2AD6F2298BEF50047B316 /* Products */;
			projectDirPath = "";
			projectRoot = "";
			targets = (
				BFD2AD6D2298BEF50047B316 /* DreamLister */,
			);
		};
/* End PBXProject section */

/* Begin PBXResourcesBuildPhase section */
		BFD2AD6C2298BEF50047B316 /* Resources */ = {
			isa = PBXResourcesBuildPhase;
			buildActionMask = 2147483647;
			files = (
				BFD2AD7F2298BEF50047B316 /* LaunchScreen.storyboard in Resources */,
				BFD2AD7C2298BEF50047B316 /* Assets.xcassets in Resources */,
				BFD2AD772298BEF50047B316 /* Main.storyboard in Resources */,
			);
			runOnlyForDeploymentPostprocessing = 0;
		};
/* End PBXResourcesBuildPhase section */

/* Begin PBXSourcesBuildPhase section */
		BFD2AD6A2298BEF50047B316 /* Sources */ = {
			isa = PBXSourcesBuildPhase;
			buildActionMask = 2147483647;
			files = (
				BFD2AD742298BEF50047B316 /* MainViewController.swift in Sources */,
				BFD2AD722298BEF50047B316 /* AppDelegate.swift in Sources */,
				BFD2ADA42298EBBF0047B316 /* Item+CoreDataClass.swift in Sources */,
				BFD2ADAA2298F32E0047B316 /* MaterialView.swift in Sources */,
				BFD2AD7A2298BEF50047B316 /* DreamLister.xcdatamodeld in Sources */,
				BFD2ADA52298EBBF0047B316 /* Item+CoreDataProperties.swift in Sources */,
			);
			runOnlyForDeploymentPostprocessing = 0;
		};
/* End PBXSourcesBuildPhase section */

/* Begin PBXVariantGroup section */
		BFD2AD752298BEF50047B316 /* Main.storyboard */ = {
			isa = PBXVariantGroup;
			children = (
				BFD2AD762298BEF50047B316 /* Base */,
			);
			name = Main.storyboard;
			sourceTree = "<group>";
		};
		BFD2AD7D2298BEF50047B316 /* LaunchScreen.storyboard */ = {
			isa = PBXVariantGroup;
			children = (
				BFD2AD7E2298BEF50047B316 /* Base */,
			);
			name = LaunchScreen.storyboard;
			sourceTree = "<group>";
		};
/* End PBXVariantGroup section */

/* Begin XCBuildConfiguration section */
		BFD2AD812298BEF50047B316 /* Debug */ = {
			isa = XCBuildConfiguration;
			buildSettings = {
				ALWAYS_SEARCH_USER_PATHS = NO;
				CLANG_ANALYZER_NONNULL = YES;
				CLANG_ANALYZER_NUMBER_OBJECT_CONVERSION = YES_AGGRESSIVE;
				CLANG_CXX_LANGUAGE_STANDARD = "gnu++14";
				CLANG_CXX_LIBRARY = "libc++";
				CLANG_ENABLE_MODULES = YES;
				CLANG_ENABLE_OBJC_ARC = YES;
				CLANG_WARN_BLOCK_CAPTURE_AUTORELEASING = YES;
				CLANG_WARN_BOOL_CONVERSION = YES;
				CLANG_WARN_COMMA = YES;
				CLANG_WARN_CONSTANT_CONVERSION = YES;
				CLANG_WARN_DIRECT_OBJC_ISA_USAGE = YES_ERROR;
				CLANG_WARN_DOCUMENTATION_COMMENTS = YES;
				CLANG_WARN_EMPTY_BODY = YES;
				CLANG_WARN_ENUM_CONVERSION = YES;
				CLANG_WARN_INFINITE_RECURSION = YES;
				CLANG_WARN_INT_CONVERSION = YES;
				CLANG_WARN_NON_LITERAL_NULL_CONVERSION = YES;
				CLANG_WARN_OBJC_LITERAL_CONVERSION = YES;
				CLANG_WARN_OBJC_ROOT_CLASS = YES_ERROR;
				CLANG_WARN_RANGE_LOOP_ANALYSIS = YES;
				CLANG_WARN_STRICT_PROTOTYPES = YES;
				CLANG_WARN_SUSPICIOUS_MOVE = YES;
				CLANG_WARN_UNGUARDED_AVAILABILITY = YES_AGGRESSIVE;
				CLANG_WARN_UNREACHABLE_CODE = YES;
				CLANG_WARN__DUPLICATE_METHOD_MATCH = YES;
				CODE_SIGN_IDENTITY = "iPhone Developer";
				COPY_PHASE_STRIP = NO;
				DEBUG_INFORMATION_FORMAT = dwarf;
				ENABLE_STRICT_OBJC_MSGSEND = YES;
				ENABLE_TESTABILITY = YES;
				GCC_C_LANGUAGE_STANDARD = gnu11;
				GCC_DYNAMIC_NO_PIC = NO;
				GCC_NO_COMMON_BLOCKS = YES;
				GCC_OPTIMIZATION_LEVEL = 0;
				GCC_PREPROCESSOR_DEFINITIONS = (
					"DEBUG=1",
					"$(inherited)",
				);
				GCC_WARN_64_TO_32_BIT_CONVERSION = YES;
				GCC_WARN_ABOUT_RETURN_TYPE = YES_ERROR;
				GCC_WARN_UNDECLARED_SELECTOR = YES;
				GCC_WARN_UNINITIALIZED_AUTOS = YES_AGGRESSIVE;
				GCC_WARN_UNUSED_FUNCTION = YES;
				GCC_WARN_UNUSED_VARIABLE = YES;
				IPHONEOS_DEPLOYMENT_TARGET = 11.0;
				MTL_ENABLE_DEBUG_INFO = YES;
				ONLY_ACTIVE_ARCH = YES;
				SDKROOT = iphoneos;
				SWIFT_ACTIVE_COMPILATION_CONDITIONS = DEBUG;
				SWIFT_OPTIMIZATION_LEVEL = "-Onone";
			};
			name = Debug;
		};
		BFD2AD822298BEF50047B316 /* Release */ = {
			isa = XCBuildConfiguration;
			buildSettings = {
				ALWAYS_SEARCH_USER_PATHS = NO;
				CLANG_ANALYZER_NONNULL = YES;
				CLANG_ANALYZER_NUMBER_OBJECT_CONVERSION = YES_AGGRESSIVE;
				CLANG_CXX_LANGUAGE_STANDARD = "gnu++14";
				CLANG_CXX_LIBRARY = "libc++";
				CLANG_ENABLE_MODULES = YES;
				CLANG_ENABLE_OBJC_ARC = YES;
				CLANG_WARN_BLOCK_CAPTURE_AUTORELEASING = YES;
				CLANG_WARN_BOOL_CONVERSION = YES;
				CLANG_WARN_COMMA = YES;
				CLANG_WARN_CONSTANT_CONVERSION = YES;
				CLANG_WARN_DIRECT_OBJC_ISA_USAGE = YES_ERROR;
				CLANG_WARN_DOCUMENTATION_COMMENTS = YES;
				CLANG_WARN_EMPTY_BODY = YES;
				CLANG_WARN_ENUM_CONVERSION = YES;
				CLANG_WARN_INFINITE_RECURSION = YES;
				CLANG_WARN_INT_CONVERSION = YES;
				CLANG_WARN_NON_LITERAL_NULL_CONVERSION = YES;
				CLANG_WARN_OBJC_LITERAL_CONVERSION = YES;
				CLANG_WARN_OBJC_ROOT_CLASS = YES_ERROR;
				CLANG_WARN_RANGE_LOOP_ANALYSIS = YES;
				CLANG_WARN_STRICT_PROTOTYPES = YES;
				CLANG_WARN_SUSPICIOUS_MOVE = YES;
				CLANG_WARN_UNGUARDED_AVAILABILITY = YES_AGGRESSIVE;
				CLANG_WARN_UNREACHABLE_CODE = YES;
				CLANG_WARN__DUPLICATE_METHOD_MATCH = YES;
				CODE_SIGN_IDENTITY = "iPhone Developer";
				COPY_PHASE_STRIP = NO;
				DEBUG_INFORMATION_FORMAT = "dwarf-with-dsym";
				ENABLE_NS_ASSERTIONS = NO;
				ENABLE_STRICT_OBJC_MSGSEND = YES;
				GCC_C_LANGUAGE_STANDARD = gnu11;
				GCC_NO_COMMON_BLOCKS = YES;
				GCC_WARN_64_TO_32_BIT_CONVERSION = YES;
				GCC_WARN_ABOUT_RETURN_TYPE = YES_ERROR;
				GCC_WARN_UNDECLARED_SELECTOR = YES;
				GCC_WARN_UNINITIALIZED_AUTOS = YES_AGGRESSIVE;
				GCC_WARN_UNUSED_FUNCTION = YES;
				GCC_WARN_UNUSED_VARIABLE = YES;
				IPHONEOS_DEPLOYMENT_TARGET = 11.0;
				MTL_ENABLE_DEBUG_INFO = NO;
				SDKROOT = iphoneos;
				SWIFT_OPTIMIZATION_LEVEL = "-Owholemodule";
				VALIDATE_PRODUCT = YES;
			};
			name = Release;
		};
		BFD2AD842298BEF50047B316 /* Debug */ = {
			isa = XCBuildConfiguration;
			buildSettings = {
				ASSETCATALOG_COMPILER_APPICON_NAME = AppIcon;
				CODE_SIGN_STYLE = Automatic;
				INFOPLIST_FILE = DreamLister/Info.plist;
				LD_RUNPATH_SEARCH_PATHS = "$(inherited) @executable_path/Frameworks";
				PRODUCT_BUNDLE_IDENTIFIER = com.devslopesApp.DreamLister;
				PRODUCT_NAME = "$(TARGET_NAME)";
				SWIFT_VERSION = 4.0;
				TARGETED_DEVICE_FAMILY = "1,2";
			};
			name = Debug;
		};
		BFD2AD852298BEF50047B316 /* Release */ = {
			isa = XCBuildConfiguration;
			buildSettings = {
				ASSETCATALOG_COMPILER_APPICON_NAME = AppIcon;
				CODE_SIGN_STYLE = Automatic;
				INFOPLIST_FILE = DreamLister/Info.plist;
				LD_RUNPATH_SEARCH_PATHS = "$(inherited) @executable_path/Frameworks";
				PRODUCT_BUNDLE_IDENTIFIER = com.devslopesApp.DreamLister;
				PRODUCT_NAME = "$(TARGET_NAME)";
				SWIFT_VERSION = 4.0;
				TARGETED_DEVICE_FAMILY = "1,2";
			};
			name = Release;
		};
/* End XCBuildConfiguration section */

/* Begin XCConfigurationList section */
		BFD2AD692298BEF50047B316 /* Build configuration list for PBXProject "DreamLister" */ = {
			isa = XCConfigurationList;
			buildConfigurations = (
				BFD2AD812298BEF50047B316 /* Debug */,
				BFD2AD822298BEF50047B316 /* Release */,
			);
			defaultConfigurationIsVisible = 0;
			defaultConfigurationName = Release;
		};
		BFD2AD832298BEF50047B316 /* Build configuration list for PBXNativeTarget "DreamLister" */ = {
			isa = XCConfigurationList;
			buildConfigurations = (
				BFD2AD842298BEF50047B316 /* Debug */,
				BFD2AD852298BEF50047B316 /* Release */,
			);
			defaultConfigurationIsVisible = 0;
			defaultConfigurationName = Release;
		};
/* End XCConfigurationList section */

/* Begin XCVersionGroup section */
		BFD2AD782298BEF50047B316 /* DreamLister.xcdatamodeld */ = {
			isa = XCVersionGroup;
			children = (
				BFD2AD792298BEF50047B316 /* DreamLister.xcdatamodel */,
			);
			currentVersion = BFD2AD792298BEF50047B316 /* DreamLister.xcdatamodel */;
			path = DreamLister.xcdatamodeld;
			sourceTree = "<group>";
			versionGroupType = wrapper.xcdatamodel;
		};
/* End XCVersionGroup section */
	};
	rootObject = BFD2AD662298BEF50047B316 /* Project object */;
}
